// !$*UTF8*$!
{
	archiveVersion = 1;
	classes = {
	};
	objectVersion = 46;
	objects = {

/* Begin PBXBuildFile section */
		141E262E1E7EC33900A66BD4 /* AppDelegate.swift in Sources */ = {isa = PBXBuildFile; fileRef = 141E262D1E7EC33900A66BD4 /* AppDelegate.swift */; };
		141E26331E7EC33900A66BD4 /* Main.storyboard in Resources */ = {isa = PBXBuildFile; fileRef = 141E26311E7EC33900A66BD4 /* Main.storyboard */; };
		141E26351E7EC33900A66BD4 /* Assets.xcassets in Resources */ = {isa = PBXBuildFile; fileRef = 141E26341E7EC33900A66BD4 /* Assets.xcassets */; };
		141E26381E7EC33900A66BD4 /* LaunchScreen.storyboard in Resources */ = {isa = PBXBuildFile; fileRef = 141E26361E7EC33900A66BD4 /* LaunchScreen.storyboard */; };
		141E26431E7EC33900A66BD4 /* DouYUTests.swift in Sources */ = {isa = PBXBuildFile; fileRef = 141E26421E7EC33900A66BD4 /* DouYUTests.swift */; };
		141E264E1E7EC33900A66BD4 /* DouYUUITests.swift in Sources */ = {isa = PBXBuildFile; fileRef = 141E264D1E7EC33900A66BD4 /* DouYUUITests.swift */; };
		145447CB1E8C095700950E8B /* File.swift in Sources */ = {isa = PBXBuildFile; fileRef = 145447CA1E8C095700950E8B /* File.swift */; };
		14F84A811E895769007EBEDB /* Home.storyboard in Resources */ = {isa = PBXBuildFile; fileRef = 14F84A7F1E895769007EBEDB /* Home.storyboard */; };
		14F84A861E8957BA007EBEDB /* Follow.storyboard in Resources */ = {isa = PBXBuildFile; fileRef = 14F84A841E8957BA007EBEDB /* Follow.storyboard */; };
		14F84A8A1E8958FB007EBEDB /* MainViewController.swift in Sources */ = {isa = PBXBuildFile; fileRef = 14F84A891E8958FB007EBEDB /* MainViewController.swift */; };
		14F84A8D1E895B2F007EBEDB /* Live.storyboard in Resources */ = {isa = PBXBuildFile; fileRef = 14F84A8B1E895B2F007EBEDB /* Live.storyboard */; };
		14F84A901E895B3F007EBEDB /* Profile.storyboard in Resources */ = {isa = PBXBuildFile; fileRef = 14F84A8E1E895B3F007EBEDB /* Profile.storyboard */; };
		14F84A941E895C61007EBEDB /* Discovery.storyboard in Resources */ = {isa = PBXBuildFile; fileRef = 14F84A921E895C61007EBEDB /* Discovery.storyboard */; };
		14F84A991E895E64007EBEDB /* HomeViewController.swift in Sources */ = {isa = PBXBuildFile; fileRef = 14F84A981E895E64007EBEDB /* HomeViewController.swift */; };
		14F84A9C1E896133007EBEDB /* UIBarButtonItem_Extension.swift in Sources */ = {isa = PBXBuildFile; fileRef = 14F84A9B1E896133007EBEDB /* UIBarButtonItem_Extension.swift */; };
/* End PBXBuildFile section */

/* Begin PBXContainerItemProxy section */
		141E263F1E7EC33900A66BD4 /* PBXContainerItemProxy */ = {
			isa = PBXContainerItemProxy;
			containerPortal = 141E26221E7EC33800A66BD4 /* Project object */;
			proxyType = 1;
			remoteGlobalIDString = 141E26291E7EC33800A66BD4;
			remoteInfo = DouYU;
		};
		141E264A1E7EC33900A66BD4 /* PBXContainerItemProxy */ = {
			isa = PBXContainerItemProxy;
			containerPortal = 141E26221E7EC33800A66BD4 /* Project object */;
			proxyType = 1;
			remoteGlobalIDString = 141E26291E7EC33800A66BD4;
			remoteInfo = DouYU;
		};
/* End PBXContainerItemProxy section */

/* Begin PBXFileReference section */
		141E262A1E7EC33900A66BD4 /* DouYU.app */ = {isa = PBXFileReference; explicitFileType = wrapper.application; includeInIndex = 0; path = DouYU.app; sourceTree = BUILT_PRODUCTS_DIR; };
		141E262D1E7EC33900A66BD4 /* AppDelegate.swift */ = {isa = PBXFileReference; lastKnownFileType = sourcecode.swift; name = AppDelegate.swift; path = ../AppDelegate.swift; sourceTree = "<group>"; };
		141E26321E7EC33900A66BD4 /* Base */ = {isa = PBXFileReference; lastKnownFileType = file.storyboard; name = Base; path = Base.lproj/Main.storyboard; sourceTree = "<group>"; };
		141E26341E7EC33900A66BD4 /* Assets.xcassets */ = {isa = PBXFileReference; lastKnownFileType = folder.assetcatalog; path = Assets.xcassets; sourceTree = "<group>"; };
		141E26371E7EC33900A66BD4 /* Base */ = {isa = PBXFileReference; lastKnownFileType = file.storyboard; name = Base; path = Base.lproj/LaunchScreen.storyboard; sourceTree = "<group>"; };
		141E26391E7EC33900A66BD4 /* Info.plist */ = {isa = PBXFileReference; lastKnownFileType = text.plist.xml; path = Info.plist; sourceTree = "<group>"; };
		141E263E1E7EC33900A66BD4 /* DouYUTests.xctest */ = {isa = PBXFileReference; explicitFileType = wrapper.cfbundle; includeInIndex = 0; path = DouYUTests.xctest; sourceTree = BUILT_PRODUCTS_DIR; };
		141E26421E7EC33900A66BD4 /* DouYUTests.swift */ = {isa = PBXFileReference; lastKnownFileType = sourcecode.swift; path = DouYUTests.swift; sourceTree = "<group>"; };
		141E26441E7EC33900A66BD4 /* Info.plist */ = {isa = PBXFileReference; lastKnownFileType = text.plist.xml; path = Info.plist; sourceTree = "<group>"; };
		141E26491E7EC33900A66BD4 /* DouYUUITests.xctest */ = {isa = PBXFileReference; explicitFileType = wrapper.cfbundle; includeInIndex = 0; path = DouYUUITests.xctest; sourceTree = BUILT_PRODUCTS_DIR; };
		141E264D1E7EC33900A66BD4 /* DouYUUITests.swift */ = {isa = PBXFileReference; lastKnownFileType = sourcecode.swift; path = DouYUUITests.swift; sourceTree = "<group>"; };
		141E264F1E7EC33900A66BD4 /* Info.plist */ = {isa = PBXFileReference; lastKnownFileType = text.plist.xml; path = Info.plist; sourceTree = "<group>"; };
		145447CA1E8C095700950E8B /* File.swift */ = {isa = PBXFileReference; fileEncoding = 4; lastKnownFileType = sourcecode.swift; path = File.swift; sourceTree = "<group>"; };
		14F84A801E895769007EBEDB /* Base */ = {isa = PBXFileReference; lastKnownFileType = file.storyboard; name = Base; path = DouYU/Base.lproj/Home.storyboard; sourceTree = SOURCE_ROOT; };
		14F84A851E8957BA007EBEDB /* Base */ = {isa = PBXFileReference; lastKnownFileType = file.storyboard; name = Base; path = DouYU/Base.lproj/Follow.storyboard; sourceTree = SOURCE_ROOT; };
		14F84A891E8958FB007EBEDB /* MainViewController.swift */ = {isa = PBXFileReference; fileEncoding = 4; lastKnownFileType = sourcecode.swift; path = MainViewController.swift; sourceTree = "<group>"; };
		14F84A8C1E895B2F007EBEDB /* Base */ = {isa = PBXFileReference; lastKnownFileType = file.storyboard; name = Base; path = DouYU/Base.lproj/Live.storyboard; sourceTree = SOURCE_ROOT; };
		14F84A8F1E895B3F007EBEDB /* Base */ = {isa = PBXFileReference; lastKnownFileType = file.storyboard; name = Base; path = DouYU/Base.lproj/Profile.storyboard; sourceTree = SOURCE_ROOT; };
		14F84A931E895C61007EBEDB /* Base */ = {isa = PBXFileReference; lastKnownFileType = file.storyboard; name = Base; path = DouYU/Base.lproj/Discovery.storyboard; sourceTree = SOURCE_ROOT; };
		14F84A981E895E64007EBEDB /* HomeViewController.swift */ = {isa = PBXFileReference; fileEncoding = 4; lastKnownFileType = sourcecode.swift; path = HomeViewController.swift; sourceTree = "<group>"; };
		14F84A9B1E896133007EBEDB /* UIBarButtonItem_Extension.swift */ = {isa = PBXFileReference; fileEncoding = 4; lastKnownFileType = sourcecode.swift; path = UIBarButtonItem_Extension.swift; sourceTree = "<group>"; };
/* End PBXFileReference section */

/* Begin PBXFrameworksBuildPhase section */
		141E26271E7EC33800A66BD4 /* Frameworks */ = {
			isa = PBXFrameworksBuildPhase;
			buildActionMask = 2147483647;
			files = (
			);
			runOnlyForDeploymentPostprocessing = 0;
		};
		141E263B1E7EC33900A66BD4 /* Frameworks */ = {
			isa = PBXFrameworksBuildPhase;
			buildActionMask = 2147483647;
			files = (
			);
			runOnlyForDeploymentPostprocessing = 0;
		};
		141E26461E7EC33900A66BD4 /* Frameworks */ = {
			isa = PBXFrameworksBuildPhase;
			buildActionMask = 2147483647;
			files = (
			);
			runOnlyForDeploymentPostprocessing = 0;
		};
/* End PBXFrameworksBuildPhase section */

/* Begin PBXGroup section */
		141B7F2C1E87FF0400A89835 /* Classes */ = {
			isa = PBXGroup;
			children = (
				141E262D1E7EC33900A66BD4 /* AppDelegate.swift */,
				141B7F301E87FF0400A89835 /* Main */,
				141B7F2E1E87FF0400A89835 /* Home */,
				141B7F2F1E87FF0400A89835 /* Live */,
				141B7F2D1E87FF0400A89835 /* Follow */,
				14F84A911E895BE4007EBEDB /* Discovery */,
				141B7F311E87FF0400A89835 /* Profile */,
				141B7F321E87FF0400A89835 /* Tools */,
			);
			path = Classes;
			sourceTree = "<group>";
		};
		141B7F2D1E87FF0400A89835 /* Follow */ = {
			isa = PBXGroup;
			children = (
				14F84A841E8957BA007EBEDB /* Follow.storyboard */,
			);
			path = Follow;
			sourceTree = "<group>";
		};
		141B7F2E1E87FF0400A89835 /* Home */ = {
			isa = PBXGroup;
			children = (
				14F84A951E895E43007EBEDB /* Controller */,
				14F84A961E895E43007EBEDB /* Model */,
				14F84A971E895E43007EBEDB /* View */,
			);
			path = Home;
			sourceTree = "<group>";
		};
		141B7F2F1E87FF0400A89835 /* Live */ = {
			isa = PBXGroup;
			children = (
				14F84A8B1E895B2F007EBEDB /* Live.storyboard */,
			);
			path = Live;
			sourceTree = "<group>";
		};
		141B7F301E87FF0400A89835 /* Main */ = {
			isa = PBXGroup;
			children = (
				141E26311E7EC33900A66BD4 /* Main.storyboard */,
				14F84A891E8958FB007EBEDB /* MainViewController.swift */,
			);
			path = Main;
			sourceTree = "<group>";
		};
		141B7F311E87FF0400A89835 /* Profile */ = {
			isa = PBXGroup;
			children = (
				14F84A8E1E895B3F007EBEDB /* Profile.storyboard */,
			);
			path = Profile;
			sourceTree = "<group>";
		};
		141B7F321E87FF0400A89835 /* Tools */ = {
			isa = PBXGroup;
			children = (
				145447C91E8C094A00950E8B /* Utility */,
				14F84A9A1E896103007EBEDB /* Extension */,
			);
			path = Tools;
			sourceTree = "<group>";
		};
		141E26211E7EC33800A66BD4 = {
			isa = PBXGroup;
			children = (
				141E262C1E7EC33900A66BD4 /* DouYU */,
				141E26411E7EC33900A66BD4 /* DouYUTests */,
				141E264C1E7EC33900A66BD4 /* DouYUUITests */,
				141E262B1E7EC33900A66BD4 /* Products */,
			);
			sourceTree = "<group>";
		};
		141E262B1E7EC33900A66BD4 /* Products */ = {
			isa = PBXGroup;
			children = (
				141E262A1E7EC33900A66BD4 /* DouYU.app */,
				141E263E1E7EC33900A66BD4 /* DouYUTests.xctest */,
				141E26491E7EC33900A66BD4 /* DouYUUITests.xctest */,
			);
			name = Products;
			sourceTree = "<group>";
		};
		141E262C1E7EC33900A66BD4 /* DouYU */ = {
			isa = PBXGroup;
			children = (
				141B7F2C1E87FF0400A89835 /* Classes */,
				141E26341E7EC33900A66BD4 /* Assets.xcassets */,
				141E26361E7EC33900A66BD4 /* LaunchScreen.storyboard */,
				141E26391E7EC33900A66BD4 /* Info.plist */,
			);
			path = DouYU;
			sourceTree = "<group>";
		};
		141E26411E7EC33900A66BD4 /* DouYUTests */ = {
			isa = PBXGroup;
			children = (
				141E26421E7EC33900A66BD4 /* DouYUTests.swift */,
				141E26441E7EC33900A66BD4 /* Info.plist */,
			);
			path = DouYUTests;
			sourceTree = "<group>";
		};
		141E264C1E7EC33900A66BD4 /* DouYUUITests */ = {
			isa = PBXGroup;
			children = (
				141E264D1E7EC33900A66BD4 /* DouYUUITests.swift */,
				141E264F1E7EC33900A66BD4 /* Info.plist */,
			);
			path = DouYUUITests;
			sourceTree = "<group>";
		};
		145447C91E8C094A00950E8B /* Utility */ = {
			isa = PBXGroup;
			children = (
				145447CA1E8C095700950E8B /* File.swift */,
			);
			path = Utility;
			sourceTree = "<group>";
		};
		14F84A911E895BE4007EBEDB /* Discovery */ = {
			isa = PBXGroup;
			children = (
				14F84A921E895C61007EBEDB /* Discovery.storyboard */,
			);
			path = Discovery;
			sourceTree = "<group>";
		};
		14F84A951E895E43007EBEDB /* Controller */ = {
			isa = PBXGroup;
			children = (
				14F84A981E895E64007EBEDB /* HomeViewController.swift */,
				14F84A7F1E895769007EBEDB /* Home.storyboard */,
			);
			path = Controller;
			sourceTree = "<group>";
		};
		14F84A961E895E43007EBEDB /* Model */ = {
			isa = PBXGroup;
			children = (
			);
			path = Model;
			sourceTree = "<group>";
		};
		14F84A971E895E43007EBEDB /* View */ = {
			isa = PBXGroup;
			children = (
			);
			path = View;
			sourceTree = "<group>";
		};
		14F84A9A1E896103007EBEDB /* Extension */ = {
			isa = PBXGroup;
			children = (
				14F84A9B1E896133007EBEDB /* UIBarButtonItem_Extension.swift */,
			);
			path = Extension;
			sourceTree = "<group>";
		};
/* End PBXGroup section */

/* Begin PBXNativeTarget section */
		141E26291E7EC33800A66BD4 /* DouYU */ = {
			isa = PBXNativeTarget;
			buildConfigurationList = 141E26521E7EC33900A66BD4 /* Build configuration list for PBXNativeTarget "DouYU" */;
			buildPhases = (
				141E26261E7EC33800A66BD4 /* Sources */,
				141E26271E7EC33800A66BD4 /* Frameworks */,
				141E26281E7EC33800A66BD4 /* Resources */,
			);
			buildRules = (
			);
			dependencies = (
			);
			name = DouYU;
			productName = DouYU;
			productReference = 141E262A1E7EC33900A66BD4 /* DouYU.app */;
			productType = "com.apple.product-type.application";
		};
		141E263D1E7EC33900A66BD4 /* DouYUTests */ = {
			isa = PBXNativeTarget;
			buildConfigurationList = 141E26551E7EC33900A66BD4 /* Build configuration list for PBXNativeTarget "DouYUTests" */;
			buildPhases = (
				141E263A1E7EC33900A66BD4 /* Sources */,
				141E263B1E7EC33900A66BD4 /* Frameworks */,
				141E263C1E7EC33900A66BD4 /* Resources */,
			);
			buildRules = (
			);
			dependencies = (
				141E26401E7EC33900A66BD4 /* PBXTargetDependency */,
			);
			name = DouYUTests;
			productName = DouYUTests;
			productReference = 141E263E1E7EC33900A66BD4 /* DouYUTests.xctest */;
			productType = "com.apple.product-type.bundle.unit-test";
		};
		141E26481E7EC33900A66BD4 /* DouYUUITests */ = {
			isa = PBXNativeTarget;
			buildConfigurationList = 141E26581E7EC33900A66BD4 /* Build configuration list for PBXNativeTarget "DouYUUITests" */;
			buildPhases = (
				141E26451E7EC33900A66BD4 /* Sources */,
				141E26461E7EC33900A66BD4 /* Frameworks */,
				141E26471E7EC33900A66BD4 /* Resources */,
			);
			buildRules = (
			);
			dependencies = (
				141E264B1E7EC33900A66BD4 /* PBXTargetDependency */,
			);
			name = DouYUUITests;
			productName = DouYUUITests;
			productReference = 141E26491E7EC33900A66BD4 /* DouYUUITests.xctest */;
			productType = "com.apple.product-type.bundle.ui-testing";
		};
/* End PBXNativeTarget section */

/* Begin PBXProject section */
		141E26221E7EC33800A66BD4 /* Project object */ = {
			isa = PBXProject;
			attributes = {
				LastSwiftUpdateCheck = 0820;
				LastUpgradeCheck = 0820;
				ORGANIZATIONNAME = "饮长刀";
				TargetAttributes = {
					141E26291E7EC33800A66BD4 = {
						CreatedOnToolsVersion = 8.2.1;
						DevelopmentTeam = ZH68L33NA5;
						ProvisioningStyle = Automatic;
					};
					141E263D1E7EC33900A66BD4 = {
						CreatedOnToolsVersion = 8.2.1;
						ProvisioningStyle = Automatic;
						TestTargetID = 141E26291E7EC33800A66BD4;
					};
					141E26481E7EC33900A66BD4 = {
						CreatedOnToolsVersion = 8.2.1;
						ProvisioningStyle = Automatic;
						TestTargetID = 141E26291E7EC33800A66BD4;
					};
				};
			};
			buildConfigurationList = 141E26251E7EC33800A66BD4 /* Build configuration list for PBXProject "DouYU" */;
			compatibilityVersion = "Xcode 3.2";
			developmentRegion = English;
			hasScannedForEncodings = 0;
			knownRegions = (
				en,
				Base,
			);
			mainGroup = 141E26211E7EC33800A66BD4;
			productRefGroup = 141E262B1E7EC33900A66BD4 /* Products */;
			projectDirPath = "";
			projectRoot = "";
			targets = (
				141E26291E7EC33800A66BD4 /* DouYU */,
				141E263D1E7EC33900A66BD4 /* DouYUTests */,
				141E26481E7EC33900A66BD4 /* DouYUUITests */,
			);
		};
/* End PBXProject section */

/* Begin PBXResourcesBuildPhase section */
		141E26281E7EC33800A66BD4 /* Resources */ = {
			isa = PBXResourcesBuildPhase;
			buildActionMask = 2147483647;
			files = (
				141E26381E7EC33900A66BD4 /* LaunchScreen.storyboard in Resources */,
				141E26351E7EC33900A66BD4 /* Assets.xcassets in Resources */,
				14F84A8D1E895B2F007EBEDB /* Live.storyboard in Resources */,
				14F84A941E895C61007EBEDB /* Discovery.storyboard in Resources */,
				141E26331E7EC33900A66BD4 /* Main.storyboard in Resources */,
				14F84A811E895769007EBEDB /* Home.storyboard in Resources */,
				14F84A901E895B3F007EBEDB /* Profile.storyboard in Resources */,
				14F84A861E8957BA007EBEDB /* Follow.storyboard in Resources */,
			);
			runOnlyForDeploymentPostprocessing = 0;
		};
		141E263C1E7EC33900A66BD4 /* Resources */ = {
			isa = PBXResourcesBuildPhase;
			buildActionMask = 2147483647;
			files = (
			);
			runOnlyForDeploymentPostprocessing = 0;
		};
		141E26471E7EC33900A66BD4 /* Resources */ = {
			isa = PBXResourcesBuildPhase;
			buildActionMask = 2147483647;
			files = (
			);
			runOnlyForDeploymentPostprocessing = 0;
		};
/* End PBXResourcesBuildPhase section */

/* Begin PBXSourcesBuildPhase section */
		141E26261E7EC33800A66BD4 /* Sources */ = {
			isa = PBXSourcesBuildPhase;
			buildActionMask = 2147483647;
			files = (
				145447CB1E8C095700950E8B /* File.swift in Sources */,
				14F84A9C1E896133007EBEDB /* UIBarButtonItem_Extension.swift in Sources */,
				141E262E1E7EC33900A66BD4 /* AppDelegate.swift in Sources */,
				14F84A8A1E8958FB007EBEDB /* MainViewController.swift in Sources */,
				14F84A991E895E64007EBEDB /* HomeViewController.swift in Sources */,
			);
			runOnlyForDeploymentPostprocessing = 0;
		};
		141E263A1E7EC33900A66BD4 /* Sources */ = {
			isa = PBXSourcesBuildPhase;
			buildActionMask = 2147483647;
			files = (
				141E26431E7EC33900A66BD4 /* DouYUTests.swift in Sources */,
			);
			runOnlyForDeploymentPostprocessing = 0;
		};
		141E26451E7EC33900A66BD4 /* Sources */ = {
			isa = PBXSourcesBuildPhase;
			buildActionMask = 2147483647;
			files = (
				141E264E1E7EC33900A66BD4 /* DouYUUITests.swift in Sources */,
			);
			runOnlyForDeploymentPostprocessing = 0;
		};
/* End PBXSourcesBuildPhase section */

/* Begin PBXTargetDependency section */
		141E26401E7EC33900A66BD4 /* PBXTargetDependency */ = {
			isa = PBXTargetDependency;
			target = 141E26291E7EC33800A66BD4 /* DouYU */;
			targetProxy = 141E263F1E7EC33900A66BD4 /* PBXContainerItemProxy */;
		};
		141E264B1E7EC33900A66BD4 /* PBXTargetDependency */ = {
			isa = PBXTargetDependency;
			target = 141E26291E7EC33800A66BD4 /* DouYU */;
			targetProxy = 141E264A1E7EC33900A66BD4 /* PBXContainerItemProxy */;
		};
/* End PBXTargetDependency section */

/* Begin PBXVariantGroup section */
		141E26311E7EC33900A66BD4 /* Main.storyboard */ = {
			isa = PBXVariantGroup;
			children = (
				141E26321E7EC33900A66BD4 /* Base */,
			);
			name = Main.storyboard;
			path = ../..;
			sourceTree = "<group>";
		};
		141E26361E7EC33900A66BD4 /* LaunchScreen.storyboard */ = {
			isa = PBXVariantGroup;
			children = (
				141E26371E7EC33900A66BD4 /* Base */,
			);
			name = LaunchScreen.storyboard;
			sourceTree = "<group>";
		};
		14F84A7F1E895769007EBEDB /* Home.storyboard */ = {
			isa = PBXVariantGroup;
			children = (
				14F84A801E895769007EBEDB /* Base */,
			);
			name = Home.storyboard;
			path = ../../Main;
			sourceTree = "<group>";
		};
		14F84A841E8957BA007EBEDB /* Follow.storyboard */ = {
			isa = PBXVariantGroup;
			children = (
				14F84A851E8957BA007EBEDB /* Base */,
			);
			name = Follow.storyboard;
			path = ../Main;
			sourceTree = "<group>";
		};
		14F84A8B1E895B2F007EBEDB /* Live.storyboard */ = {
			isa = PBXVariantGroup;
			children = (
				14F84A8C1E895B2F007EBEDB /* Base */,
			);
			name = Live.storyboard;
			sourceTree = "<group>";
		};
		14F84A8E1E895B3F007EBEDB /* Profile.storyboard */ = {
			isa = PBXVariantGroup;
			children = (
				14F84A8F1E895B3F007EBEDB /* Base */,
			);
			name = Profile.storyboard;
			sourceTree = "<group>";
		};
		14F84A921E895C61007EBEDB /* Discovery.storyboard */ = {
			isa = PBXVariantGroup;
			children = (
				14F84A931E895C61007EBEDB /* Base */,
			);
			name = Discovery.storyboard;
			sourceTree = "<group>";
		};
/* End PBXVariantGroup section */

/* Begin XCBuildConfiguration section */
		141E26501E7EC33900A66BD4 /* Debug */ = {
			isa = XCBuildConfiguration;
			buildSettings = {
				ALWAYS_SEARCH_USER_PATHS = NO;
				CLANG_ANALYZER_NONNULL = YES;
				CLANG_CXX_LANGUAGE_STANDARD = "gnu++0x";
				CLANG_CXX_LIBRARY = "libc++";
				CLANG_ENABLE_MODULES = YES;
				CLANG_ENABLE_OBJC_ARC = YES;
				CLANG_WARN_BOOL_CONVERSION = YES;
				CLANG_WARN_CONSTANT_CONVERSION = YES;
				CLANG_WARN_DIRECT_OBJC_ISA_USAGE = YES_ERROR;
				CLANG_WARN_DOCUMENTATION_COMMENTS = YES;
				CLANG_WARN_EMPTY_BODY = YES;
				CLANG_WARN_ENUM_CONVERSION = YES;
				CLANG_WARN_INFINITE_RECURSION = YES;
				CLANG_WARN_INT_CONVERSION = YES;
				CLANG_WARN_OBJC_ROOT_CLASS = YES_ERROR;
				CLANG_WARN_SUSPICIOUS_MOVE = YES;
				CLANG_WARN_UNREACHABLE_CODE = YES;
				CLANG_WARN__DUPLICATE_METHOD_MATCH = YES;
				"CODE_SIGN_IDENTITY[sdk=iphoneos*]" = "iPhone Developer";
				COPY_PHASE_STRIP = NO;
				DEBUG_INFORMATION_FORMAT = dwarf;
				ENABLE_STRICT_OBJC_MSGSEND = YES;
				ENABLE_TESTABILITY = YES;
				GCC_C_LANGUAGE_STANDARD = gnu99;
				GCC_DYNAMIC_NO_PIC = NO;
				GCC_NO_COMMON_BLOCKS = YES;
				GCC_OPTIMIZATION_LEVEL = 0;
				GCC_PREPROCESSOR_DEFINITIONS = (
					"DEBUG=1",
					"$(inherited)",
				);
				GCC_WARN_64_TO_32_BIT_CONVERSION = YES;
				GCC_WARN_ABOUT_RETURN_TYPE = YES_ERROR;
				GCC_WARN_UNDECLARED_SELECTOR = YES;
				GCC_WARN_UNINITIALIZED_AUTOS = YES_AGGRESSIVE;
				GCC_WARN_UNUSED_FUNCTION = YES;
				GCC_WARN_UNUSED_VARIABLE = YES;
				IPHONEOS_DEPLOYMENT_TARGET = 10.2;
				MTL_ENABLE_DEBUG_INFO = YES;
				ONLY_ACTIVE_ARCH = YES;
				SDKROOT = iphoneos;
				SWIFT_ACTIVE_COMPILATION_CONDITIONS = DEBUG;
				SWIFT_OPTIMIZATION_LEVEL = "-Onone";
				TARGETED_DEVICE_FAMILY = "1,2";
			};
			name = Debug;
		};
		141E26511E7EC33900A66BD4 /* Release */ = {
			isa = XCBuildConfiguration;
			buildSettings = {
				ALWAYS_SEARCH_USER_PATHS = NO;
				CLANG_ANALYZER_NONNULL = YES;
				CLANG_CXX_LANGUAGE_STANDARD = "gnu++0x";
				CLANG_CXX_LIBRARY = "libc++";
				CLANG_ENABLE_MODULES = YES;
				CLANG_ENABLE_OBJC_ARC = YES;
				CLANG_WARN_BOOL_CONVERSION = YES;
				CLANG_WARN_CONSTANT_CONVERSION = YES;
				CLANG_WARN_DIRECT_OBJC_ISA_USAGE = YES_ERROR;
				CLANG_WARN_DOCUMENTATION_COMMENTS = YES;
				CLANG_WARN_EMPTY_BODY = YES;
				CLANG_WARN_ENUM_CONVERSION = YES;
				CLANG_WARN_INFINITE_RECURSION = YES;
				CLANG_WARN_INT_CONVERSION = YES;
				CLANG_WARN_OBJC_ROOT_CLASS = YES_ERROR;
				CLANG_WARN_SUSPICIOUS_MOVE = YES;
				CLANG_WARN_UNREACHABLE_CODE = YES;
				CLANG_WARN__DUPLICATE_METHOD_MATCH = YES;
				"CODE_SIGN_IDENTITY[sdk=iphoneos*]" = "iPhone Developer";
				COPY_PHASE_STRIP = NO;
				DEBUG_INFORMATION_FORMAT = "dwarf-with-dsym";
				ENABLE_NS_ASSERTIONS = NO;
				ENABLE_STRICT_OBJC_MSGSEND = YES;
				GCC_C_LANGUAGE_STANDARD = gnu99;
				GCC_NO_COMMON_BLOCKS = YES;
				GCC_WARN_64_TO_32_BIT_CONVERSION = YES;
				GCC_WARN_ABOUT_RETURN_TYPE = YES_ERROR;
				GCC_WARN_UNDECLARED_SELECTOR = YES;
				GCC_WARN_UNINITIALIZED_AUTOS = YES_AGGRESSIVE;
				GCC_WARN_UNUSED_FUNCTION = YES;
				GCC_WARN_UNUSED_VARIABLE = YES;
				IPHONEOS_DEPLOYMENT_TARGET = 10.2;
				MTL_ENABLE_DEBUG_INFO = NO;
				SDKROOT = iphoneos;
				SWIFT_OPTIMIZATION_LEVEL = "-Owholemodule";
				TARGETED_DEVICE_FAMILY = "1,2";
				VALIDATE_PRODUCT = YES;
			};
			name = Release;
		};
		141E26531E7EC33900A66BD4 /* Debug */ = {
			isa = XCBuildConfiguration;
			buildSettings = {
				ASSETCATALOG_COMPILER_APPICON_NAME = AppIcon;
				ASSETCATALOG_COMPILER_LAUNCHIMAGE_NAME = LaunchImage;
				"CODE_SIGN_IDENTITY[sdk=iphoneos*]" = "iPhone Developer";
				DEVELOPMENT_TEAM = ZH68L33NA5;
				INFOPLIST_FILE = DouYU/Info.plist;
				IPHONEOS_DEPLOYMENT_TARGET = 8.0;
				LD_RUNPATH_SEARCH_PATHS = "$(inherited) @executable_path/Frameworks";
				PRODUCT_BUNDLE_IDENTIFIER = changdao.com.DouYU;
				PRODUCT_NAME = "$(TARGET_NAME)";
				SWIFT_VERSION = 3.0;
			};
			name = Debug;
		};
		141E26541E7EC33900A66BD4 /* Release */ = {
			isa = XCBuildConfiguration;
			buildSettings = {
				ASSETCATALOG_COMPILER_APPICON_NAME = AppIcon;
				ASSETCATALOG_COMPILER_LAUNCHIMAGE_NAME = LaunchImage;
				"CODE_SIGN_IDENTITY[sdk=iphoneos*]" = "iPhone Developer";
				DEVELOPMENT_TEAM = ZH68L33NA5;
				INFOPLIST_FILE = DouYU/Info.plist;
				IPHONEOS_DEPLOYMENT_TARGET = 8.0;
				LD_RUNPATH_SEARCH_PATHS = "$(inherited) @executable_path/Frameworks";
				PRODUCT_BUNDLE_IDENTIFIER = changdao.com.DouYU;
				PRODUCT_NAME = "$(TARGET_NAME)";
				SWIFT_VERSION = 3.0;
			};
			name = Release;
		};
		141E26561E7EC33900A66BD4 /* Debug */ = {
			isa = XCBuildConfiguration;
			buildSettings = {
				ALWAYS_EMBED_SWIFT_STANDARD_LIBRARIES = YES;
				BUNDLE_LOADER = "$(TEST_HOST)";
				INFOPLIST_FILE = DouYUTests/Info.plist;
				LD_RUNPATH_SEARCH_PATHS = "$(inherited) @executable_path/Frameworks @loader_path/Frameworks";
				PRODUCT_BUNDLE_IDENTIFIER = changdao.com.DouYUTests;
				PRODUCT_NAME = "$(TARGET_NAME)";
				SWIFT_VERSION = 3.0;
				TEST_HOST = "$(BUILT_PRODUCTS_DIR)/DouYU.app/DouYU";
			};
			name = Debug;
		};
		141E26571E7EC33900A66BD4 /* Release */ = {
			isa = XCBuildConfiguration;
			buildSettings = {
				ALWAYS_EMBED_SWIFT_STANDARD_LIBRARIES = YES;
				BUNDLE_LOADER = "$(TEST_HOST)";
				INFOPLIST_FILE = DouYUTests/Info.plist;
				LD_RUNPATH_SEARCH_PATHS = "$(inherited) @executable_path/Frameworks @loader_path/Frameworks";
				PRODUCT_BUNDLE_IDENTIFIER = changdao.com.DouYUTests;
				PRODUCT_NAME = "$(TARGET_NAME)";
				SWIFT_VERSION = 3.0;
				TEST_HOST = "$(BUILT_PRODUCTS_DIR)/DouYU.app/DouYU";
			};
			name = Release;
		};
		141E26591E7EC33900A66BD4 /* Debug */ = {
			isa = XCBuildConfiguration;
			buildSettings = {
				ALWAYS_EMBED_SWIFT_STANDARD_LIBRARIES = YES;
				INFOPLIST_FILE = DouYUUITests/Info.plist;
				LD_RUNPATH_SEARCH_PATHS = "$(inherited) @executable_path/Frameworks @loader_path/Frameworks";
				PRODUCT_BUNDLE_IDENTIFIER = changdao.com.DouYUUITests;
				PRODUCT_NAME = "$(TARGET_NAME)";
				SWIFT_VERSION = 3.0;
				TEST_TARGET_NAME = DouYU;
			};
			name = Debug;
		};
		141E265A1E7EC33900A66BD4 /* Release */ = {
			isa = XCBuildConfiguration;
			buildSettings = {
				ALWAYS_EMBED_SWIFT_STANDARD_LIBRARIES = YES;
				INFOPLIST_FILE = DouYUUITests/Info.plist;
				LD_RUNPATH_SEARCH_PATHS = "$(inherited) @executable_path/Frameworks @loader_path/Frameworks";
				PRODUCT_BUNDLE_IDENTIFIER = changdao.com.DouYUUITests;
				PRODUCT_NAME = "$(TARGET_NAME)";
				SWIFT_VERSION = 3.0;
				TEST_TARGET_NAME = DouYU;
			};
			name = Release;
		};
/* End XCBuildConfiguration section */

/* Begin XCConfigurationList section */
		141E26251E7EC33800A66BD4 /* Build configuration list for PBXProject "DouYU" */ = {
			isa = XCConfigurationList;
			buildConfigurations = (
				141E26501E7EC33900A66BD4 /* Debug */,
				141E26511E7EC33900A66BD4 /* Release */,
			);
			defaultConfigurationIsVisible = 0;
			defaultConfigurationName = Release;
		};
		141E26521E7EC33900A66BD4 /* Build configuration list for PBXNativeTarget "DouYU" */ = {
			isa = XCConfigurationList;
			buildConfigurations = (
				141E26531E7EC33900A66BD4 /* Debug */,
				141E26541E7EC33900A66BD4 /* Release */,
			);
			defaultConfigurationIsVisible = 0;
			defaultConfigurationName = Release;
		};
		141E26551E7EC33900A66BD4 /* Build configuration list for PBXNativeTarget "DouYUTests" */ = {
			isa = XCConfigurationList;
			buildConfigurations = (
				141E26561E7EC33900A66BD4 /* Debug */,
				141E26571E7EC33900A66BD4 /* Release */,
			);
			defaultConfigurationIsVisible = 0;
			defaultConfigurationName = Release;
		};
		141E26581E7EC33900A66BD4 /* Build configuration list for PBXNativeTarget "DouYUUITests" */ = {
			isa = XCConfigurationList;
			buildConfigurations = (
				141E26591E7EC33900A66BD4 /* Debug */,
				141E265A1E7EC33900A66BD4 /* Release */,
			);
			defaultConfigurationIsVisible = 0;
			defaultConfigurationName = Release;
		};
/* End XCConfigurationList section */
	};
	rootObject = 141E26221E7EC33800A66BD4 /* Project object */;
}
